// !$*UTF8*$!
{
	archiveVersion = 1;
	classes = {
	};
	objectVersion = 56;
	objects = {

/* Begin PBXBuildFile section */
		381CDE732C88CE9700C0616A /* AppDelegate.swift in Sources */ = {isa = PBXBuildFile; fileRef = 381CDE722C88CE9700C0616A /* AppDelegate.swift */; };
		381CDE752C88CE9700C0616A /* SceneDelegate.swift in Sources */ = {isa = PBXBuildFile; fileRef = 381CDE742C88CE9700C0616A /* SceneDelegate.swift */; };
		381CDE772C88CE9700C0616A /* WeatherViewController.swift in Sources */ = {isa = PBXBuildFile; fileRef = 381CDE762C88CE9700C0616A /* WeatherViewController.swift */; };
		381CDE7C2C88CE9900C0616A /* Assets.xcassets in Resources */ = {isa = PBXBuildFile; fileRef = 381CDE7B2C88CE9900C0616A /* Assets.xcassets */; };
		381CDE7F2C88CE9900C0616A /* Base in Resources */ = {isa = PBXBuildFile; fileRef = 381CDE7E2C88CE9900C0616A /* Base */; };
		381CDE8A2C88CE9A00C0616A /* WeatherAppTests.swift in Sources */ = {isa = PBXBuildFile; fileRef = 381CDE892C88CE9A00C0616A /* WeatherAppTests.swift */; };
		381CDEAA2C88D6BE00C0616A /* CoordinatorProtocol.swift in Sources */ = {isa = PBXBuildFile; fileRef = 381CDEA92C88D6BE00C0616A /* CoordinatorProtocol.swift */; };
		381CDEAC2C88D71600C0616A /* ApplicationCoordinator.swift in Sources */ = {isa = PBXBuildFile; fileRef = 381CDEAB2C88D71600C0616A /* ApplicationCoordinator.swift */; };
		381CDEAE2C88E7AE00C0616A /* WeatherViewModel.swift in Sources */ = {isa = PBXBuildFile; fileRef = 381CDEAD2C88E7AE00C0616A /* WeatherViewModel.swift */; };
		381CDEB32C88EAC400C0616A /* AlertManager.swift in Sources */ = {isa = PBXBuildFile; fileRef = 381CDEB22C88EAC400C0616A /* AlertManager.swift */; };
		381CDEB52C88ED2800C0616A /* NetworkManager.swift in Sources */ = {isa = PBXBuildFile; fileRef = 381CDEB42C88ED2800C0616A /* NetworkManager.swift */; };
		381CDEBB2C89022000C0616A /* LocationManager.swift in Sources */ = {isa = PBXBuildFile; fileRef = 381CDEBA2C89022000C0616A /* LocationManager.swift */; };
		381CDEBE2C89101B00C0616A /* NetworkError.swift in Sources */ = {isa = PBXBuildFile; fileRef = 381CDEBD2C89101B00C0616A /* NetworkError.swift */; };
		381CDEC02C89119F00C0616A /* Endpoint.swift in Sources */ = {isa = PBXBuildFile; fileRef = 381CDEBF2C89119F00C0616A /* Endpoint.swift */; };
		381CDEC22C89176B00C0616A /* WeatherData.swift in Sources */ = {isa = PBXBuildFile; fileRef = 381CDEC12C89176B00C0616A /* WeatherData.swift */; };
		381CDEC72C894A5900C0616A /* WeatherModel.swift in Sources */ = {isa = PBXBuildFile; fileRef = 381CDEC62C894A5900C0616A /* WeatherModel.swift */; };
		388987C62C8A5FD900FB793A /* NavigationEvent.swift in Sources */ = {isa = PBXBuildFile; fileRef = 388987C52C8A5FD900FB793A /* NavigationEvent.swift */; };
/* End PBXBuildFile section */

/* Begin PBXContainerItemProxy section */
		381CDE862C88CE9A00C0616A /* PBXContainerItemProxy */ = {
			isa = PBXContainerItemProxy;
			containerPortal = 381CDE672C88CE9700C0616A /* Project object */;
			proxyType = 1;
			remoteGlobalIDString = 381CDE6E2C88CE9700C0616A;
			remoteInfo = WeatherApp;
		};
		381CDE902C88CE9A00C0616A /* PBXContainerItemProxy */ = {
			isa = PBXContainerItemProxy;
			containerPortal = 381CDE672C88CE9700C0616A /* Project object */;
			proxyType = 1;
			remoteGlobalIDString = 381CDE6E2C88CE9700C0616A;
			remoteInfo = WeatherApp;
		};
/* End PBXContainerItemProxy section */

/* Begin PBXFileReference section */
		381CDE6F2C88CE9700C0616A /* WeatherApp.app */ = {isa = PBXFileReference; explicitFileType = wrapper.application; includeInIndex = 0; path = WeatherApp.app; sourceTree = BUILT_PRODUCTS_DIR; };
		381CDE722C88CE9700C0616A /* AppDelegate.swift */ = {isa = PBXFileReference; lastKnownFileType = sourcecode.swift; path = AppDelegate.swift; sourceTree = "<group>"; };
		381CDE742C88CE9700C0616A /* SceneDelegate.swift */ = {isa = PBXFileReference; lastKnownFileType = sourcecode.swift; path = SceneDelegate.swift; sourceTree = "<group>"; };
		381CDE762C88CE9700C0616A /* WeatherViewController.swift */ = {isa = PBXFileReference; lastKnownFileType = sourcecode.swift; path = WeatherViewController.swift; sourceTree = "<group>"; };
		381CDE7B2C88CE9900C0616A /* Assets.xcassets */ = {isa = PBXFileReference; lastKnownFileType = folder.assetcatalog; path = Assets.xcassets; sourceTree = "<group>"; };
		381CDE7E2C88CE9900C0616A /* Base */ = {isa = PBXFileReference; lastKnownFileType = file.storyboard; name = Base; path = Base.lproj/LaunchScreen.storyboard; sourceTree = "<group>"; };
		381CDE802C88CE9900C0616A /* Info.plist */ = {isa = PBXFileReference; lastKnownFileType = text.plist.xml; path = Info.plist; sourceTree = "<group>"; };
		381CDE852C88CE9A00C0616A /* WeatherAppTests.xctest */ = {isa = PBXFileReference; explicitFileType = wrapper.cfbundle; includeInIndex = 0; path = WeatherAppTests.xctest; sourceTree = BUILT_PRODUCTS_DIR; };
		381CDE892C88CE9A00C0616A /* WeatherAppTests.swift */ = {isa = PBXFileReference; lastKnownFileType = sourcecode.swift; path = WeatherAppTests.swift; sourceTree = "<group>"; };
		381CDE8F2C88CE9A00C0616A /* WeatherAppUITests.xctest */ = {isa = PBXFileReference; explicitFileType = wrapper.cfbundle; includeInIndex = 0; path = WeatherAppUITests.xctest; sourceTree = BUILT_PRODUCTS_DIR; };
		381CDEA92C88D6BE00C0616A /* CoordinatorProtocol.swift */ = {isa = PBXFileReference; lastKnownFileType = sourcecode.swift; path = CoordinatorProtocol.swift; sourceTree = "<group>"; };
		381CDEAB2C88D71600C0616A /* ApplicationCoordinator.swift */ = {isa = PBXFileReference; lastKnownFileType = sourcecode.swift; path = ApplicationCoordinator.swift; sourceTree = "<group>"; };
		381CDEAD2C88E7AE00C0616A /* WeatherViewModel.swift */ = {isa = PBXFileReference; lastKnownFileType = sourcecode.swift; path = WeatherViewModel.swift; sourceTree = "<group>"; };
		381CDEB22C88EAC400C0616A /* AlertManager.swift */ = {isa = PBXFileReference; lastKnownFileType = sourcecode.swift; path = AlertManager.swift; sourceTree = "<group>"; };
		381CDEB42C88ED2800C0616A /* NetworkManager.swift */ = {isa = PBXFileReference; lastKnownFileType = sourcecode.swift; path = NetworkManager.swift; sourceTree = "<group>"; };
		381CDEBA2C89022000C0616A /* LocationManager.swift */ = {isa = PBXFileReference; lastKnownFileType = sourcecode.swift; path = LocationManager.swift; sourceTree = "<group>"; };
		381CDEBD2C89101B00C0616A /* NetworkError.swift */ = {isa = PBXFileReference; lastKnownFileType = sourcecode.swift; path = NetworkError.swift; sourceTree = "<group>"; };
		381CDEBF2C89119F00C0616A /* Endpoint.swift */ = {isa = PBXFileReference; lastKnownFileType = sourcecode.swift; path = Endpoint.swift; sourceTree = "<group>"; };
		381CDEC12C89176B00C0616A /* WeatherData.swift */ = {isa = PBXFileReference; lastKnownFileType = sourcecode.swift; path = WeatherData.swift; sourceTree = "<group>"; };
		381CDEC62C894A5900C0616A /* WeatherModel.swift */ = {isa = PBXFileReference; lastKnownFileType = sourcecode.swift; path = WeatherModel.swift; sourceTree = "<group>"; };
		388987C52C8A5FD900FB793A /* NavigationEvent.swift */ = {isa = PBXFileReference; lastKnownFileType = sourcecode.swift; path = NavigationEvent.swift; sourceTree = "<group>"; };
/* End PBXFileReference section */

/* Begin PBXFrameworksBuildPhase section */
		381CDE6C2C88CE9700C0616A /* Frameworks */ = {
			isa = PBXFrameworksBuildPhase;
			buildActionMask = 2147483647;
			files = (
			);
			runOnlyForDeploymentPostprocessing = 0;
		};
		381CDE822C88CE9A00C0616A /* Frameworks */ = {
			isa = PBXFrameworksBuildPhase;
			buildActionMask = 2147483647;
			files = (
			);
			runOnlyForDeploymentPostprocessing = 0;
		};
		381CDE8C2C88CE9A00C0616A /* Frameworks */ = {
			isa = PBXFrameworksBuildPhase;
			buildActionMask = 2147483647;
			files = (
			);
			runOnlyForDeploymentPostprocessing = 0;
		};
/* End PBXFrameworksBuildPhase section */

/* Begin PBXGroup section */
		381CDE662C88CE9700C0616A = {
			isa = PBXGroup;
			children = (
				381CDE712C88CE9700C0616A /* WeatherApp */,
				381CDEA22C88D59000C0616A /* Utils */,
				381CDE882C88CE9A00C0616A /* WeatherAppTests */,
				381CDE702C88CE9700C0616A /* Products */,
			);
			sourceTree = "<group>";
		};
		381CDE702C88CE9700C0616A /* Products */ = {
			isa = PBXGroup;
			children = (
				381CDE6F2C88CE9700C0616A /* WeatherApp.app */,
				381CDE852C88CE9A00C0616A /* WeatherAppTests.xctest */,
				381CDE8F2C88CE9A00C0616A /* WeatherAppUITests.xctest */,
			);
			name = Products;
			sourceTree = "<group>";
		};
		381CDE712C88CE9700C0616A /* WeatherApp */ = {
			isa = PBXGroup;
			children = (
				381CDEA72C88D5F700C0616A /* Application */,
				381CDEAF2C88E9B600C0616A /* Common */,
				381CDEA32C88D5AE00C0616A /* Navigation */,
				381CDEA62C88D5D600C0616A /* Model */,
				381CDEA52C88D5CF00C0616A /* ViewModel */,
				381CDEA42C88D5C600C0616A /* View */,
			);
			path = WeatherApp;
			sourceTree = "<group>";
		};
		381CDE882C88CE9A00C0616A /* WeatherAppTests */ = {
			isa = PBXGroup;
			children = (
				381CDE892C88CE9A00C0616A /* WeatherAppTests.swift */,
			);
			path = WeatherAppTests;
			sourceTree = "<group>";
		};
		381CDEA22C88D59000C0616A /* Utils */ = {
			isa = PBXGroup;
			children = (
				381CDE802C88CE9900C0616A /* Info.plist */,
				381CDE7D2C88CE9900C0616A /* LaunchScreen.storyboard */,
				381CDE7B2C88CE9900C0616A /* Assets.xcassets */,
			);
			name = Utils;
			path = WeatherApp;
			sourceTree = "<group>";
		};
		381CDEA32C88D5AE00C0616A /* Navigation */ = {
			isa = PBXGroup;
			children = (
				381CDEA92C88D6BE00C0616A /* CoordinatorProtocol.swift */,
				381CDEAB2C88D71600C0616A /* ApplicationCoordinator.swift */,
				388987C52C8A5FD900FB793A /* NavigationEvent.swift */,
			);
			path = Navigation;
			sourceTree = "<group>";
		};
		381CDEA42C88D5C600C0616A /* View */ = {
			isa = PBXGroup;
			children = (
				381CDE762C88CE9700C0616A /* WeatherViewController.swift */,
			);
			path = View;
			sourceTree = "<group>";
		};
		381CDEA52C88D5CF00C0616A /* ViewModel */ = {
			isa = PBXGroup;
			children = (
				381CDEAD2C88E7AE00C0616A /* WeatherViewModel.swift */,
			);
			path = ViewModel;
			sourceTree = "<group>";
		};
		381CDEA62C88D5D600C0616A /* Model */ = {
			isa = PBXGroup;
			children = (
				381CDEC12C89176B00C0616A /* WeatherData.swift */,
				381CDEC62C894A5900C0616A /* WeatherModel.swift */,
			);
			path = Model;
			sourceTree = "<group>";
		};
		381CDEA72C88D5F700C0616A /* Application */ = {
			isa = PBXGroup;
			children = (
				381CDE722C88CE9700C0616A /* AppDelegate.swift */,
				381CDE742C88CE9700C0616A /* SceneDelegate.swift */,
			);
			path = Application;
			sourceTree = "<group>";
		};
		381CDEAF2C88E9B600C0616A /* Common */ = {
			isa = PBXGroup;
			children = (
				381CDEBC2C890F5A00C0616A /* NetworkService */,
				381CDEB22C88EAC400C0616A /* AlertManager.swift */,
				381CDEBA2C89022000C0616A /* LocationManager.swift */,
			);
			path = Common;
			sourceTree = "<group>";
		};
		381CDEBC2C890F5A00C0616A /* NetworkService */ = {
			isa = PBXGroup;
			children = (
				381CDEB42C88ED2800C0616A /* NetworkManager.swift */,
				381CDEBD2C89101B00C0616A /* NetworkError.swift */,
				381CDEBF2C89119F00C0616A /* Endpoint.swift */,
			);
			path = NetworkService;
			sourceTree = "<group>";
		};
/* End PBXGroup section */

/* Begin PBXNativeTarget section */
		381CDE6E2C88CE9700C0616A /* WeatherApp */ = {
			isa = PBXNativeTarget;
			buildConfigurationList = 381CDE992C88CE9A00C0616A /* Build configuration list for PBXNativeTarget "WeatherApp" */;
			buildPhases = (
				381CDE6B2C88CE9700C0616A /* Sources */,
				381CDE6C2C88CE9700C0616A /* Frameworks */,
				381CDE6D2C88CE9700C0616A /* Resources */,
			);
			buildRules = (
			);
			dependencies = (
			);
			name = WeatherApp;
			productName = WeatherApp;
			productReference = 381CDE6F2C88CE9700C0616A /* WeatherApp.app */;
			productType = "com.apple.product-type.application";
		};
		381CDE842C88CE9A00C0616A /* WeatherAppTests */ = {
			isa = PBXNativeTarget;
			buildConfigurationList = 381CDE9C2C88CE9A00C0616A /* Build configuration list for PBXNativeTarget "WeatherAppTests" */;
			buildPhases = (
				381CDE812C88CE9A00C0616A /* Sources */,
				381CDE822C88CE9A00C0616A /* Frameworks */,
				381CDE832C88CE9A00C0616A /* Resources */,
			);
			buildRules = (
			);
			dependencies = (
				381CDE872C88CE9A00C0616A /* PBXTargetDependency */,
			);
			name = WeatherAppTests;
			productName = WeatherAppTests;
			productReference = 381CDE852C88CE9A00C0616A /* WeatherAppTests.xctest */;
			productType = "com.apple.product-type.bundle.unit-test";
		};
		381CDE8E2C88CE9A00C0616A /* WeatherAppUITests */ = {
			isa = PBXNativeTarget;
			buildConfigurationList = 381CDE9F2C88CE9A00C0616A /* Build configuration list for PBXNativeTarget "WeatherAppUITests" */;
			buildPhases = (
				381CDE8B2C88CE9A00C0616A /* Sources */,
				381CDE8C2C88CE9A00C0616A /* Frameworks */,
				381CDE8D2C88CE9A00C0616A /* Resources */,
			);
			buildRules = (
			);
			dependencies = (
				381CDE912C88CE9A00C0616A /* PBXTargetDependency */,
			);
			name = WeatherAppUITests;
			productName = WeatherAppUITests;
			productReference = 381CDE8F2C88CE9A00C0616A /* WeatherAppUITests.xctest */;
			productType = "com.apple.product-type.bundle.ui-testing";
		};
/* End PBXNativeTarget section */

/* Begin PBXProject section */
		381CDE672C88CE9700C0616A /* Project object */ = {
			isa = PBXProject;
			attributes = {
				BuildIndependentTargetsInParallel = 1;
				LastSwiftUpdateCheck = 1540;
				LastUpgradeCheck = 1540;
				TargetAttributes = {
					381CDE6E2C88CE9700C0616A = {
						CreatedOnToolsVersion = 15.4;
					};
					381CDE842C88CE9A00C0616A = {
						CreatedOnToolsVersion = 15.4;
						TestTargetID = 381CDE6E2C88CE9700C0616A;
					};
					381CDE8E2C88CE9A00C0616A = {
						CreatedOnToolsVersion = 15.4;
						TestTargetID = 381CDE6E2C88CE9700C0616A;
					};
				};
			};
			buildConfigurationList = 381CDE6A2C88CE9700C0616A /* Build configuration list for PBXProject "WeatherApp" */;
			compatibilityVersion = "Xcode 14.0";
			developmentRegion = en;
			hasScannedForEncodings = 0;
			knownRegions = (
				en,
				Base,
			);
			mainGroup = 381CDE662C88CE9700C0616A;
			productRefGroup = 381CDE702C88CE9700C0616A /* Products */;
			projectDirPath = "";
			projectRoot = "";
			targets = (
				381CDE6E2C88CE9700C0616A /* WeatherApp */,
				381CDE842C88CE9A00C0616A /* WeatherAppTests */,
				381CDE8E2C88CE9A00C0616A /* WeatherAppUITests */,
			);
		};
/* End PBXProject section */

/* Begin PBXResourcesBuildPhase section */
		381CDE6D2C88CE9700C0616A /* Resources */ = {
			isa = PBXResourcesBuildPhase;
			buildActionMask = 2147483647;
			files = (
				381CDE7C2C88CE9900C0616A /* Assets.xcassets in Resources */,
				381CDE7F2C88CE9900C0616A /* Base in Resources */,
			);
			runOnlyForDeploymentPostprocessing = 0;
		};
		381CDE832C88CE9A00C0616A /* Resources */ = {
			isa = PBXResourcesBuildPhase;
			buildActionMask = 2147483647;
			files = (
			);
			runOnlyForDeploymentPostprocessing = 0;
		};
		381CDE8D2C88CE9A00C0616A /* Resources */ = {
			isa = PBXResourcesBuildPhase;
			buildActionMask = 2147483647;
			files = (
			);
			runOnlyForDeploymentPostprocessing = 0;
		};
/* End PBXResourcesBuildPhase section */

/* Begin PBXSourcesBuildPhase section */
		381CDE6B2C88CE9700C0616A /* Sources */ = {
			isa = PBXSourcesBuildPhase;
			buildActionMask = 2147483647;
			files = (
				381CDEAC2C88D71600C0616A /* ApplicationCoordinator.swift in Sources */,
				381CDEAE2C88E7AE00C0616A /* WeatherViewModel.swift in Sources */,
				381CDEBB2C89022000C0616A /* LocationManager.swift in Sources */,
				381CDE772C88CE9700C0616A /* WeatherViewController.swift in Sources */,
				381CDEB52C88ED2800C0616A /* NetworkManager.swift in Sources */,
				381CDEC72C894A5900C0616A /* WeatherModel.swift in Sources */,
				381CDEB32C88EAC400C0616A /* AlertManager.swift in Sources */,
				381CDE732C88CE9700C0616A /* AppDelegate.swift in Sources */,
				381CDEAA2C88D6BE00C0616A /* CoordinatorProtocol.swift in Sources */,
				381CDEBE2C89101B00C0616A /* NetworkError.swift in Sources */,
				388987C62C8A5FD900FB793A /* NavigationEvent.swift in Sources */,
				381CDEC02C89119F00C0616A /* Endpoint.swift in Sources */,
				381CDEC22C89176B00C0616A /* WeatherData.swift in Sources */,
				381CDE752C88CE9700C0616A /* SceneDelegate.swift in Sources */,
			);
			runOnlyForDeploymentPostprocessing = 0;
		};
		381CDE812C88CE9A00C0616A /* Sources */ = {
			isa = PBXSourcesBuildPhase;
			buildActionMask = 2147483647;
			files = (
				381CDE8A2C88CE9A00C0616A /* WeatherAppTests.swift in Sources */,
			);
			runOnlyForDeploymentPostprocessing = 0;
		};
		381CDE8B2C88CE9A00C0616A /* Sources */ = {
			isa = PBXSourcesBuildPhase;
			buildActionMask = 2147483647;
			files = (
			);
			runOnlyForDeploymentPostprocessing = 0;
		};
/* End PBXSourcesBuildPhase section */

/* Begin PBXTargetDependency section */
		381CDE872C88CE9A00C0616A /* PBXTargetDependency */ = {
			isa = PBXTargetDependency;
			target = 381CDE6E2C88CE9700C0616A /* WeatherApp */;
			targetProxy = 381CDE862C88CE9A00C0616A /* PBXContainerItemProxy */;
		};
		381CDE912C88CE9A00C0616A /* PBXTargetDependency */ = {
			isa = PBXTargetDependency;
			target = 381CDE6E2C88CE9700C0616A /* WeatherApp */;
			targetProxy = 381CDE902C88CE9A00C0616A /* PBXContainerItemProxy */;
		};
/* End PBXTargetDependency section */

/* Begin PBXVariantGroup section */
		381CDE7D2C88CE9900C0616A /* LaunchScreen.storyboard */ = {
			isa = PBXVariantGroup;
			children = (
				381CDE7E2C88CE9900C0616A /* Base */,
			);
			name = LaunchScreen.storyboard;
			sourceTree = "<group>";
		};
/* End PBXVariantGroup section */

/* Begin XCBuildConfiguration section */
		381CDE972C88CE9A00C0616A /* Debug */ = {
			isa = XCBuildConfiguration;
			buildSettings = {
				ALWAYS_SEARCH_USER_PATHS = NO;
				ASSETCATALOG_COMPILER_GENERATE_SWIFT_ASSET_SYMBOL_EXTENSIONS = YES;
				CLANG_ANALYZER_NONNULL = YES;
				CLANG_ANALYZER_NUMBER_OBJECT_CONVERSION = YES_AGGRESSIVE;
				CLANG_CXX_LANGUAGE_STANDARD = "gnu++20";
				CLANG_ENABLE_MODULES = YES;
				CLANG_ENABLE_OBJC_ARC = YES;
				CLANG_ENABLE_OBJC_WEAK = YES;
				CLANG_WARN_BLOCK_CAPTURE_AUTORELEASING = YES;
				CLANG_WARN_BOOL_CONVERSION = YES;
				CLANG_WARN_COMMA = YES;
				CLANG_WARN_CONSTANT_CONVERSION = YES;
				CLANG_WARN_DEPRECATED_OBJC_IMPLEMENTATIONS = YES;
				CLANG_WARN_DIRECT_OBJC_ISA_USAGE = YES_ERROR;
				CLANG_WARN_DOCUMENTATION_COMMENTS = YES;
				CLANG_WARN_EMPTY_BODY = YES;
				CLANG_WARN_ENUM_CONVERSION = YES;
				CLANG_WARN_INFINITE_RECURSION = YES;
				CLANG_WARN_INT_CONVERSION = YES;
				CLANG_WARN_NON_LITERAL_NULL_CONVERSION = YES;
				CLANG_WARN_OBJC_IMPLICIT_RETAIN_SELF = YES;
				CLANG_WARN_OBJC_LITERAL_CONVERSION = YES;
				CLANG_WARN_OBJC_ROOT_CLASS = YES_ERROR;
				CLANG_WARN_QUOTED_INCLUDE_IN_FRAMEWORK_HEADER = YES;
				CLANG_WARN_RANGE_LOOP_ANALYSIS = YES;
				CLANG_WARN_STRICT_PROTOTYPES = YES;
				CLANG_WARN_SUSPICIOUS_MOVE = YES;
				CLANG_WARN_UNGUARDED_AVAILABILITY = YES_AGGRESSIVE;
				CLANG_WARN_UNREACHABLE_CODE = YES;
				CLANG_WARN__DUPLICATE_METHOD_MATCH = YES;
				COPY_PHASE_STRIP = NO;
				DEBUG_INFORMATION_FORMAT = dwarf;
				ENABLE_STRICT_OBJC_MSGSEND = YES;
				ENABLE_TESTABILITY = YES;
				ENABLE_USER_SCRIPT_SANDBOXING = YES;
				GCC_C_LANGUAGE_STANDARD = gnu17;
				GCC_DYNAMIC_NO_PIC = NO;
				GCC_NO_COMMON_BLOCKS = YES;
				GCC_OPTIMIZATION_LEVEL = 0;
				GCC_PREPROCESSOR_DEFINITIONS = (
					"DEBUG=1",
					"$(inherited)",
				);
				GCC_WARN_64_TO_32_BIT_CONVERSION = YES;
				GCC_WARN_ABOUT_RETURN_TYPE = YES_ERROR;
				GCC_WARN_UNDECLARED_SELECTOR = YES;
				GCC_WARN_UNINITIALIZED_AUTOS = YES_AGGRESSIVE;
				GCC_WARN_UNUSED_FUNCTION = YES;
				GCC_WARN_UNUSED_VARIABLE = YES;
				IPHONEOS_DEPLOYMENT_TARGET = 17.5;
				LOCALIZATION_PREFERS_STRING_CATALOGS = YES;
				MTL_ENABLE_DEBUG_INFO = INCLUDE_SOURCE;
				MTL_FAST_MATH = YES;
				ONLY_ACTIVE_ARCH = YES;
				SDKROOT = iphoneos;
				SWIFT_ACTIVE_COMPILATION_CONDITIONS = "DEBUG $(inherited)";
				SWIFT_OPTIMIZATION_LEVEL = "-Onone";
			};
			name = Debug;
		};
		381CDE982C88CE9A00C0616A /* Release */ = {
			isa = XCBuildConfiguration;
			buildSettings = {
				ALWAYS_SEARCH_USER_PATHS = NO;
				ASSETCATALOG_COMPILER_GENERATE_SWIFT_ASSET_SYMBOL_EXTENSIONS = YES;
				CLANG_ANALYZER_NONNULL = YES;
				CLANG_ANALYZER_NUMBER_OBJECT_CONVERSION = YES_AGGRESSIVE;
				CLANG_CXX_LANGUAGE_STANDARD = "gnu++20";
				CLANG_ENABLE_MODULES = YES;
				CLANG_ENABLE_OBJC_ARC = YES;
				CLANG_ENABLE_OBJC_WEAK = YES;
				CLANG_WARN_BLOCK_CAPTURE_AUTORELEASING = YES;
				CLANG_WARN_BOOL_CONVERSION = YES;
				CLANG_WARN_COMMA = YES;
				CLANG_WARN_CONSTANT_CONVERSION = YES;
				CLANG_WARN_DEPRECATED_OBJC_IMPLEMENTATIONS = YES;
				CLANG_WARN_DIRECT_OBJC_ISA_USAGE = YES_ERROR;
				CLANG_WARN_DOCUMENTATION_COMMENTS = YES;
				CLANG_WARN_EMPTY_BODY = YES;
				CLANG_WARN_ENUM_CONVERSION = YES;
				CLANG_WARN_INFINITE_RECURSION = YES;
				CLANG_WARN_INT_CONVERSION = YES;
				CLANG_WARN_NON_LITERAL_NULL_CONVERSION = YES;
				CLANG_WARN_OBJC_IMPLICIT_RETAIN_SELF = YES;
				CLANG_WARN_OBJC_LITERAL_CONVERSION = YES;
				CLANG_WARN_OBJC_ROOT_CLASS = YES_ERROR;
				CLANG_WARN_QUOTED_INCLUDE_IN_FRAMEWORK_HEADER = YES;
				CLANG_WARN_RANGE_LOOP_ANALYSIS = YES;
				CLANG_WARN_STRICT_PROTOTYPES = YES;
				CLANG_WARN_SUSPICIOUS_MOVE = YES;
				CLANG_WARN_UNGUARDED_AVAILABILITY = YES_AGGRESSIVE;
				CLANG_WARN_UNREACHABLE_CODE = YES;
				CLANG_WARN__DUPLICATE_METHOD_MATCH = YES;
				COPY_PHASE_STRIP = NO;
				DEBUG_INFORMATION_FORMAT = "dwarf-with-dsym";
				ENABLE_NS_ASSERTIONS = NO;
				ENABLE_STRICT_OBJC_MSGSEND = YES;
				ENABLE_USER_SCRIPT_SANDBOXING = YES;
				GCC_C_LANGUAGE_STANDARD = gnu17;
				GCC_NO_COMMON_BLOCKS = YES;
				GCC_WARN_64_TO_32_BIT_CONVERSION = YES;
				GCC_WARN_ABOUT_RETURN_TYPE = YES_ERROR;
				GCC_WARN_UNDECLARED_SELECTOR = YES;
				GCC_WARN_UNINITIALIZED_AUTOS = YES_AGGRESSIVE;
				GCC_WARN_UNUSED_FUNCTION = YES;
				GCC_WARN_UNUSED_VARIABLE = YES;
				IPHONEOS_DEPLOYMENT_TARGET = 17.5;
				LOCALIZATION_PREFERS_STRING_CATALOGS = YES;
				MTL_ENABLE_DEBUG_INFO = NO;
				MTL_FAST_MATH = YES;
				SDKROOT = iphoneos;
				SWIFT_COMPILATION_MODE = wholemodule;
				VALIDATE_PRODUCT = YES;
			};
			name = Release;
		};
		381CDE9A2C88CE9A00C0616A /* Debug */ = {
			isa = XCBuildConfiguration;
			buildSettings = {
				ASSETCATALOG_COMPILER_APPICON_NAME = AppIcon;
				ASSETCATALOG_COMPILER_GLOBAL_ACCENT_COLOR_NAME = AccentColor;
				CODE_SIGN_STYLE = Automatic;
				CURRENT_PROJECT_VERSION = 1;
				DEVELOPMENT_TEAM = 7C8WHKH2QX;
				GENERATE_INFOPLIST_FILE = YES;
				INFOPLIST_FILE = WeatherApp/Info.plist;
				INFOPLIST_KEY_LSApplicationCategoryType = "public.app-category.weather";
				INFOPLIST_KEY_UIApplicationSupportsIndirectInputEvents = YES;
				INFOPLIST_KEY_UILaunchStoryboardName = LaunchScreen;
				INFOPLIST_KEY_UISupportedInterfaceOrientations_iPad = "UIInterfaceOrientationPortrait UIInterfaceOrientationPortraitUpsideDown UIInterfaceOrientationLandscapeLeft UIInterfaceOrientationLandscapeRight";
				INFOPLIST_KEY_UISupportedInterfaceOrientations_iPhone = "UIInterfaceOrientationPortrait UIInterfaceOrientationLandscapeLeft UIInterfaceOrientationLandscapeRight";
				LD_RUNPATH_SEARCH_PATHS = (
					"$(inherited)",
					"@executable_path/Frameworks",
				);
				MARKETING_VERSION = 1.0;
				PRODUCT_BUNDLE_IDENTIFIER = com.liyanova.WeatherApp;
				PRODUCT_NAME = "$(TARGET_NAME)";
				SUPPORTED_PLATFORMS = "iphoneos iphonesimulator";
				SUPPORTS_MACCATALYST = NO;
				SUPPORTS_XR_DESIGNED_FOR_IPHONE_IPAD = NO;
				SWIFT_EMIT_LOC_STRINGS = YES;
				SWIFT_VERSION = 5.0;
				TARGETED_DEVICE_FAMILY = 1;
			};
			name = Debug;
		};
		381CDE9B2C88CE9A00C0616A /* Release */ = {
			isa = XCBuildConfiguration;
			buildSettings = {
				ASSETCATALOG_COMPILER_APPICON_NAME = AppIcon;
				ASSETCATALOG_COMPILER_GLOBAL_ACCENT_COLOR_NAME = AccentColor;
				CODE_SIGN_STYLE = Automatic;
				CURRENT_PROJECT_VERSION = 1;
				DEVELOPMENT_TEAM = 7C8WHKH2QX;
				GENERATE_INFOPLIST_FILE = YES;
				INFOPLIST_FILE = WeatherApp/Info.plist;
				INFOPLIST_KEY_LSApplicationCategoryType = "public.app-category.weather";
				INFOPLIST_KEY_UIApplicationSupportsIndirectInputEvents = YES;
				INFOPLIST_KEY_UILaunchStoryboardName = LaunchScreen;
				INFOPLIST_KEY_UISupportedInterfaceOrientations_iPad = "UIInterfaceOrientationPortrait UIInterfaceOrientationPortraitUpsideDown UIInterfaceOrientationLandscapeLeft UIInterfaceOrientationLandscapeRight";
				INFOPLIST_KEY_UISupportedInterfaceOrientations_iPhone = "UIInterfaceOrientationPortrait UIInterfaceOrientationLandscapeLeft UIInterfaceOrientationLandscapeRight";
				LD_RUNPATH_SEARCH_PATHS = (
					"$(inherited)",
					"@executable_path/Frameworks",
				);
				MARKETING_VERSION = 1.0;
				PRODUCT_BUNDLE_IDENTIFIER = com.liyanova.WeatherApp;
				PRODUCT_NAME = "$(TARGET_NAME)";
				SUPPORTED_PLATFORMS = "iphoneos iphonesimulator";
				SUPPORTS_MACCATALYST = NO;
				SUPPORTS_XR_DESIGNED_FOR_IPHONE_IPAD = NO;
				SWIFT_EMIT_LOC_STRINGS = YES;
				SWIFT_VERSION = 5.0;
				TARGETED_DEVICE_FAMILY = 1;
			};
			name = Release;
		};
		381CDE9D2C88CE9A00C0616A /* Debug */ = {
			isa = XCBuildConfiguration;
			buildSettings = {
				ALWAYS_EMBED_SWIFT_STANDARD_LIBRARIES = YES;
				BUNDLE_LOADER = "$(TEST_HOST)";
				CODE_SIGN_STYLE = Automatic;
				CURRENT_PROJECT_VERSION = 1;
				DEVELOPMENT_TEAM = 7C8WHKH2QX;
				GENERATE_INFOPLIST_FILE = YES;
				IPHONEOS_DEPLOYMENT_TARGET = 17.5;
				MARKETING_VERSION = 1.0;
				PRODUCT_BUNDLE_IDENTIFIER = com.liyanova.WeatherAppTests;
				PRODUCT_NAME = "$(TARGET_NAME)";
				SWIFT_EMIT_LOC_STRINGS = NO;
				SWIFT_VERSION = 5.0;
				TARGETED_DEVICE_FAMILY = "1,2";
				TEST_HOST = "$(BUILT_PRODUCTS_DIR)/WeatherApp.app/$(BUNDLE_EXECUTABLE_FOLDER_PATH)/WeatherApp";
			};
			name = Debug;
		};
		381CDE9E2C88CE9A00C0616A /* Release */ = {
			isa = XCBuildConfiguration;
			buildSettings = {
				ALWAYS_EMBED_SWIFT_STANDARD_LIBRARIES = YES;
				BUNDLE_LOADER = "$(TEST_HOST)";
				CODE_SIGN_STYLE = Automatic;
				CURRENT_PROJECT_VERSION = 1;
				DEVELOPMENT_TEAM = 7C8WHKH2QX;
				GENERATE_INFOPLIST_FILE = YES;
				IPHONEOS_DEPLOYMENT_TARGET = 17.5;
				MARKETING_VERSION = 1.0;
				PRODUCT_BUNDLE_IDENTIFIER = com.liyanova.WeatherAppTests;
				PRODUCT_NAME = "$(TARGET_NAME)";
				SWIFT_EMIT_LOC_STRINGS = NO;
				SWIFT_VERSION = 5.0;
				TARGETED_DEVICE_FAMILY = "1,2";
				TEST_HOST = "$(BUILT_PRODUCTS_DIR)/WeatherApp.app/$(BUNDLE_EXECUTABLE_FOLDER_PATH)/WeatherApp";
			};
			name = Release;
		};
		381CDEA02C88CE9A00C0616A /* Debug */ = {
			isa = XCBuildConfiguration;
			buildSettings = {
				ALWAYS_EMBED_SWIFT_STANDARD_LIBRARIES = YES;
				CODE_SIGN_STYLE = Automatic;
				CURRENT_PROJECT_VERSION = 1;
				DEVELOPMENT_TEAM = 7C8WHKH2QX;
				GENERATE_INFOPLIST_FILE = YES;
				MARKETING_VERSION = 1.0;
				PRODUCT_BUNDLE_IDENTIFIER = com.liyanova.WeatherAppUITests;
				PRODUCT_NAME = "$(TARGET_NAME)";
				SWIFT_EMIT_LOC_STRINGS = NO;
				SWIFT_VERSION = 5.0;
				TARGETED_DEVICE_FAMILY = "1,2";
				TEST_TARGET_NAME = WeatherApp;
			};
			name = Debug;
		};
		381CDEA12C88CE9A00C0616A /* Release */ = {
			isa = XCBuildConfiguration;
			buildSettings = {
				ALWAYS_EMBED_SWIFT_STANDARD_LIBRARIES = YES;
				CODE_SIGN_STYLE = Automatic;
				CURRENT_PROJECT_VERSION = 1;
				DEVELOPMENT_TEAM = 7C8WHKH2QX;
				GENERATE_INFOPLIST_FILE = YES;
				MARKETING_VERSION = 1.0;
				PRODUCT_BUNDLE_IDENTIFIER = com.liyanova.WeatherAppUITests;
				PRODUCT_NAME = "$(TARGET_NAME)";
				SWIFT_EMIT_LOC_STRINGS = NO;
				SWIFT_VERSION = 5.0;
				TARGETED_DEVICE_FAMILY = "1,2";
				TEST_TARGET_NAME = WeatherApp;
			};
			name = Release;
		};
/* End XCBuildConfiguration section */

/* Begin XCConfigurationList section */
		381CDE6A2C88CE9700C0616A /* Build configuration list for PBXProject "WeatherApp" */ = {
			isa = XCConfigurationList;
			buildConfigurations = (
				381CDE972C88CE9A00C0616A /* Debug */,
				381CDE982C88CE9A00C0616A /* Release */,
			);
			defaultConfigurationIsVisible = 0;
			defaultConfigurationName = Release;
		};
		381CDE992C88CE9A00C0616A /* Build configuration list for PBXNativeTarget "WeatherApp" */ = {
			isa = XCConfigurationList;
			buildConfigurations = (
				381CDE9A2C88CE9A00C0616A /* Debug */,
				381CDE9B2C88CE9A00C0616A /* Release */,
			);
			defaultConfigurationIsVisible = 0;
			defaultConfigurationName = Release;
		};
		381CDE9C2C88CE9A00C0616A /* Build configuration list for PBXNativeTarget "WeatherAppTests" */ = {
			isa = XCConfigurationList;
			buildConfigurations = (
				381CDE9D2C88CE9A00C0616A /* Debug */,
				381CDE9E2C88CE9A00C0616A /* Release */,
			);
			defaultConfigurationIsVisible = 0;
			defaultConfigurationName = Release;
		};
		381CDE9F2C88CE9A00C0616A /* Build configuration list for PBXNativeTarget "WeatherAppUITests" */ = {
			isa = XCConfigurationList;
			buildConfigurations = (
				381CDEA02C88CE9A00C0616A /* Debug */,
				381CDEA12C88CE9A00C0616A /* Release */,
			);
			defaultConfigurationIsVisible = 0;
			defaultConfigurationName = Release;
		};
/* End XCConfigurationList section */
	};
	rootObject = 381CDE672C88CE9700C0616A /* Project object */;
}
